// !$*UTF8*$!
{
	archiveVersion = 1;
	classes = {
	};
	objectVersion = 56;
	objects = {

/* Begin PBXBuildFile section */
		8E0D9DF32B12DFA5005ADA1F /* DictionaryTableViewController.swift in Sources */ = {isa = PBXBuildFile; fileRef = 8E0D9DF22B12DFA5005ADA1F /* DictionaryTableViewController.swift */; };
		8E2DA0C12B102F1600FC44B9 /* LoggerFactory in Frameworks */ = {isa = PBXBuildFile; productRef = 8E2DA0C02B102F1600FC44B9 /* LoggerFactory */; };
		8E347D4E2B11108500DA30F5 /* Servers.swift in Sources */ = {isa = PBXBuildFile; fileRef = 8E347D4D2B11108500DA30F5 /* Servers.swift */; };
		8E347D502B111CE000DA30F5 /* SwiftJSON.swift in Sources */ = {isa = PBXBuildFile; fileRef = 8E347D4F2B111CE000DA30F5 /* SwiftJSON.swift */; };
		8E347D522B111D2300DA30F5 /* Extensions.swift in Sources */ = {isa = PBXBuildFile; fileRef = 8E347D512B111D2300DA30F5 /* Extensions.swift */; };
		8E347D542B111D5300DA30F5 /* SettingsTests.swift in Sources */ = {isa = PBXBuildFile; fileRef = 8E347D532B111D5300DA30F5 /* SettingsTests.swift */; };
		8E4728572B0ECBAC00A265E7 /* AppDelegate.swift in Sources */ = {isa = PBXBuildFile; fileRef = 8E4728562B0ECBAC00A265E7 /* AppDelegate.swift */; };
		8E4728592B0ECBAC00A265E7 /* ViewController.swift in Sources */ = {isa = PBXBuildFile; fileRef = 8E4728582B0ECBAC00A265E7 /* ViewController.swift */; };
		8E47285B2B0ECBAE00A265E7 /* Assets.xcassets in Resources */ = {isa = PBXBuildFile; fileRef = 8E47285A2B0ECBAE00A265E7 /* Assets.xcassets */; };
		8E47285E2B0ECBAE00A265E7 /* Main.storyboard in Resources */ = {isa = PBXBuildFile; fileRef = 8E47285C2B0ECBAE00A265E7 /* Main.storyboard */; };
		8E4728692B0ECBAE00A265E7 /* DiskGroupSwitcherTests.swift in Sources */ = {isa = PBXBuildFile; fileRef = 8E4728682B0ECBAE00A265E7 /* DiskGroupSwitcherTests.swift */; };
		8E4728832B0ECC5600A265E7 /* LoadableView.swift in Sources */ = {isa = PBXBuildFile; fileRef = 8E4728822B0ECC5600A265E7 /* LoadableView.swift */; };
		8E4728852B0F97FB00A265E7 /* MainView.xib in Resources */ = {isa = PBXBuildFile; fileRef = 8E4728842B0F97FA00A265E7 /* MainView.xib */; };
		8E4728872B0F980600A265E7 /* MainView.swift in Sources */ = {isa = PBXBuildFile; fileRef = 8E4728862B0F980600A265E7 /* MainView.swift */; };
		8E47288B2B0FA4AA00A265E7 /* StackView.swift in Sources */ = {isa = PBXBuildFile; fileRef = 8E47288A2B0FA4AA00A265E7 /* StackView.swift */; };
		8E4921972B2148DE0051359F /* InputManager.swift in Sources */ = {isa = PBXBuildFile; fileRef = 8E4921962B2148DE0051359F /* InputManager.swift */; };
		8E4921992B214F220051359F /* IORegReader.swift in Sources */ = {isa = PBXBuildFile; fileRef = 8E4921982B214F220051359F /* IORegReader.swift */; };
		8E5B91802B1944880034E877 /* FlyingFox in Frameworks */ = {isa = PBXBuildFile; productRef = 8E5B917F2B1944880034E877 /* FlyingFox */; };
		8E5B91822B1944880034E877 /* FlyingSocks in Frameworks */ = {isa = PBXBuildFile; productRef = 8E5B91812B1944880034E877 /* FlyingSocks */; };
		8E5B91842B1944CC0034E877 /* HTTPServerTests.swift in Sources */ = {isa = PBXBuildFile; fileRef = 8E5B91832B1944CC0034E877 /* HTTPServerTests.swift */; };
		8E5B91872B19466D0034E877 /* HTTPServerFlyingFox.swift in Sources */ = {isa = PBXBuildFile; fileRef = 8E5B91862B19466D0034E877 /* HTTPServerFlyingFox.swift */; };
		8E5B91892B1976BE0034E877 /* Alamofire+.swift in Sources */ = {isa = PBXBuildFile; fileRef = 8E5B91882B1976BE0034E877 /* Alamofire+.swift */; };
		8E7342892B1527630062E845 /* Alamofire in Frameworks */ = {isa = PBXBuildFile; productRef = 8E7342882B1527630062E845 /* Alamofire */; };
		8E73428C2B1537A20062E845 /* HTTPResponse.swift in Sources */ = {isa = PBXBuildFile; fileRef = 8E73428B2B1537A20062E845 /* HTTPResponse.swift */; };
		8E73428E2B15391A0062E845 /* Defaults.swift in Sources */ = {isa = PBXBuildFile; fileRef = 8E73428D2B15391A0062E845 /* Defaults.swift */; };
		8E7342902B1543380062E845 /* CLI.swift in Sources */ = {isa = PBXBuildFile; fileRef = 8E73428F2B1543380062E845 /* CLI.swift */; };
		8EC3B2F72B151D0F00E73878 /* HTTPServer.swift in Sources */ = {isa = PBXBuildFile; fileRef = 8EC3B2F62B151D0F00E73878 /* HTTPServer.swift */; };
		8EC3B2F92B151E5C00E73878 /* HealthCheck.swift in Sources */ = {isa = PBXBuildFile; fileRef = 8EC3B2F82B151E5C00E73878 /* HealthCheck.swift */; };
		8EC3B2FB2B15245800E73878 /* LocalDirectory.swift in Sources */ = {isa = PBXBuildFile; fileRef = 8EC3B2FA2B15245800E73878 /* LocalDirectory.swift */; };
/* End PBXBuildFile section */

/* Begin PBXContainerItemProxy section */
		8E4728652B0ECBAE00A265E7 /* PBXContainerItemProxy */ = {
			isa = PBXContainerItemProxy;
			containerPortal = 8E47284B2B0ECBAC00A265E7 /* Project object */;
			proxyType = 1;
			remoteGlobalIDString = 8E4728522B0ECBAC00A265E7;
			remoteInfo = DiskGroupSwitcher;
		};
/* End PBXContainerItemProxy section */

/* Begin PBXFileReference section */
		8E0D9DF22B12DFA5005ADA1F /* DictionaryTableViewController.swift */ = {isa = PBXFileReference; lastKnownFileType = sourcecode.swift; path = DictionaryTableViewController.swift; sourceTree = "<group>"; };
		8E2DA0BE2B102D7C00FC44B9 /* Package.swift */ = {isa = PBXFileReference; lastKnownFileType = sourcecode.swift; path = Package.swift; sourceTree = "<group>"; };
		8E347D4D2B11108500DA30F5 /* Servers.swift */ = {isa = PBXFileReference; lastKnownFileType = sourcecode.swift; path = Servers.swift; sourceTree = "<group>"; };
		8E347D4F2B111CE000DA30F5 /* SwiftJSON.swift */ = {isa = PBXFileReference; lastKnownFileType = sourcecode.swift; path = SwiftJSON.swift; sourceTree = "<group>"; };
		8E347D512B111D2300DA30F5 /* Extensions.swift */ = {isa = PBXFileReference; lastKnownFileType = sourcecode.swift; path = Extensions.swift; sourceTree = "<group>"; };
		8E347D532B111D5300DA30F5 /* SettingsTests.swift */ = {isa = PBXFileReference; lastKnownFileType = sourcecode.swift; path = SettingsTests.swift; sourceTree = "<group>"; };
		8E347D562B111DAE00DA30F5 /* settings.xctestplan */ = {isa = PBXFileReference; lastKnownFileType = text; path = settings.xctestplan; sourceTree = "<group>"; };
		8E4728532B0ECBAC00A265E7 /* DiskGroupSwitcher.app */ = {isa = PBXFileReference; explicitFileType = wrapper.application; includeInIndex = 0; path = DiskGroupSwitcher.app; sourceTree = BUILT_PRODUCTS_DIR; };
		8E4728562B0ECBAC00A265E7 /* AppDelegate.swift */ = {isa = PBXFileReference; lastKnownFileType = sourcecode.swift; path = AppDelegate.swift; sourceTree = "<group>"; };
		8E4728582B0ECBAC00A265E7 /* ViewController.swift */ = {isa = PBXFileReference; lastKnownFileType = sourcecode.swift; path = ViewController.swift; sourceTree = "<group>"; };
		8E47285A2B0ECBAE00A265E7 /* Assets.xcassets */ = {isa = PBXFileReference; lastKnownFileType = folder.assetcatalog; path = Assets.xcassets; sourceTree = "<group>"; };
		8E47285D2B0ECBAE00A265E7 /* Base */ = {isa = PBXFileReference; lastKnownFileType = file.storyboard; name = Base; path = Base.lproj/Main.storyboard; sourceTree = "<group>"; };
		8E47285F2B0ECBAE00A265E7 /* DiskGroupSwitcher.entitlements */ = {isa = PBXFileReference; lastKnownFileType = text.plist.entitlements; path = DiskGroupSwitcher.entitlements; sourceTree = "<group>"; };
		8E4728642B0ECBAE00A265E7 /* DiskGroupSwitcherTests.xctest */ = {isa = PBXFileReference; explicitFileType = wrapper.cfbundle; includeInIndex = 0; path = DiskGroupSwitcherTests.xctest; sourceTree = BUILT_PRODUCTS_DIR; };
		8E4728682B0ECBAE00A265E7 /* DiskGroupSwitcherTests.swift */ = {isa = PBXFileReference; lastKnownFileType = sourcecode.swift; path = DiskGroupSwitcherTests.swift; sourceTree = "<group>"; };
		8E4728822B0ECC5600A265E7 /* LoadableView.swift */ = {isa = PBXFileReference; lastKnownFileType = sourcecode.swift; path = LoadableView.swift; sourceTree = "<group>"; };
		8E4728842B0F97FA00A265E7 /* MainView.xib */ = {isa = PBXFileReference; lastKnownFileType = file.xib; path = MainView.xib; sourceTree = "<group>"; };
		8E4728862B0F980600A265E7 /* MainView.swift */ = {isa = PBXFileReference; lastKnownFileType = sourcecode.swift; path = MainView.swift; sourceTree = "<group>"; };
		8E4728882B0F9D4800A265E7 /* Info.plist */ = {isa = PBXFileReference; lastKnownFileType = text.plist; path = Info.plist; sourceTree = "<group>"; };
		8E47288A2B0FA4AA00A265E7 /* StackView.swift */ = {isa = PBXFileReference; lastKnownFileType = sourcecode.swift; path = StackView.swift; sourceTree = "<group>"; };
		8E47288C2B0FB40200A265E7 /* README.md */ = {isa = PBXFileReference; lastKnownFileType = net.daringfireball.markdown; path = README.md; sourceTree = "<group>"; };
		8E4921962B2148DE0051359F /* InputManager.swift */ = {isa = PBXFileReference; lastKnownFileType = sourcecode.swift; path = InputManager.swift; sourceTree = "<group>"; };
		8E4921982B214F220051359F /* IORegReader.swift */ = {isa = PBXFileReference; lastKnownFileType = sourcecode.swift; path = IORegReader.swift; sourceTree = "<group>"; };
		8E55F5432B1CF57400E811CB /* Usage.md */ = {isa = PBXFileReference; lastKnownFileType = net.daringfireball.markdown; path = Usage.md; sourceTree = "<group>"; };
		8E5B91832B1944CC0034E877 /* HTTPServerTests.swift */ = {isa = PBXFileReference; lastKnownFileType = sourcecode.swift; path = HTTPServerTests.swift; sourceTree = "<group>"; };
		8E5B91852B1945540034E877 /* http-server-test.xctestplan */ = {isa = PBXFileReference; lastKnownFileType = text; path = "http-server-test.xctestplan"; sourceTree = "<group>"; };
		8E5B91862B19466D0034E877 /* HTTPServerFlyingFox.swift */ = {isa = PBXFileReference; lastKnownFileType = sourcecode.swift; path = HTTPServerFlyingFox.swift; sourceTree = "<group>"; };
		8E5B91882B1976BE0034E877 /* Alamofire+.swift */ = {isa = PBXFileReference; lastKnownFileType = sourcecode.swift; path = "Alamofire+.swift"; sourceTree = "<group>"; };
		8E5B918A2B19C0B00034E877 /* LICENSE */ = {isa = PBXFileReference; lastKnownFileType = text; path = LICENSE; sourceTree = "<group>"; };
		8E73428B2B1537A20062E845 /* HTTPResponse.swift */ = {isa = PBXFileReference; lastKnownFileType = sourcecode.swift; path = HTTPResponse.swift; sourceTree = "<group>"; };
		8E73428D2B15391A0062E845 /* Defaults.swift */ = {isa = PBXFileReference; lastKnownFileType = sourcecode.swift; path = Defaults.swift; sourceTree = "<group>"; };
		8E73428F2B1543380062E845 /* CLI.swift */ = {isa = PBXFileReference; lastKnownFileType = sourcecode.swift; path = CLI.swift; sourceTree = "<group>"; };
		8EAF97202B2447BE00263B9F /* build.sh */ = {isa = PBXFileReference; lastKnownFileType = text.script.sh; path = build.sh; sourceTree = "<group>"; };
		8EC3B2EB2B11679900E73878 /* functional-test.xctestplan */ = {isa = PBXFileReference; lastKnownFileType = text; path = "functional-test.xctestplan"; sourceTree = "<group>"; };
		8EC3B2F62B151D0F00E73878 /* HTTPServer.swift */ = {isa = PBXFileReference; lastKnownFileType = sourcecode.swift; path = HTTPServer.swift; sourceTree = "<group>"; };
		8EC3B2F82B151E5C00E73878 /* HealthCheck.swift */ = {isa = PBXFileReference; lastKnownFileType = sourcecode.swift; path = HealthCheck.swift; sourceTree = "<group>"; };
		8EC3B2FA2B15245800E73878 /* LocalDirectory.swift */ = {isa = PBXFileReference; lastKnownFileType = sourcecode.swift; path = LocalDirectory.swift; sourceTree = "<group>"; };
/* End PBXFileReference section */

/* Begin PBXFrameworksBuildPhase section */
		8E4728502B0ECBAC00A265E7 /* Frameworks */ = {
			isa = PBXFrameworksBuildPhase;
			buildActionMask = 2147483647;
			files = (
				8E7342892B1527630062E845 /* Alamofire in Frameworks */,
				8E2DA0C12B102F1600FC44B9 /* LoggerFactory in Frameworks */,
				8E5B91802B1944880034E877 /* FlyingFox in Frameworks */,
				8E5B91822B1944880034E877 /* FlyingSocks in Frameworks */,
			);
			runOnlyForDeploymentPostprocessing = 0;
		};
		8E4728612B0ECBAE00A265E7 /* Frameworks */ = {
			isa = PBXFrameworksBuildPhase;
			buildActionMask = 2147483647;
			files = (
			);
			runOnlyForDeploymentPostprocessing = 0;
		};
/* End PBXFrameworksBuildPhase section */

/* Begin PBXGroup section */
		8E347D552B111D6600DA30F5 /* TestPlans */ = {
			isa = PBXGroup;
			children = (
				8E347D562B111DAE00DA30F5 /* settings.xctestplan */,
				8EC3B2EB2B11679900E73878 /* functional-test.xctestplan */,
				8E5B91852B1945540034E877 /* http-server-test.xctestplan */,
			);
			path = TestPlans;
			sourceTree = "<group>";
		};
		8E47284A2B0ECBAC00A265E7 = {
			isa = PBXGroup;
			children = (
				8EAF97202B2447BE00263B9F /* build.sh */,
				8E55F5442B1CF57D00E811CB /* usage */,
				8E55F5432B1CF57400E811CB /* Usage.md */,
				8E5B918A2B19C0B00034E877 /* LICENSE */,
				8E2DA0BE2B102D7C00FC44B9 /* Package.swift */,
				8E47288C2B0FB40200A265E7 /* README.md */,
				8E4728552B0ECBAC00A265E7 /* DiskGroupSwitcher */,
				8E4728672B0ECBAE00A265E7 /* DiskGroupSwitcherTests */,
				8E347D552B111D6600DA30F5 /* TestPlans */,
				8E4728542B0ECBAC00A265E7 /* Products */,
			);
			sourceTree = "<group>";
		};
		8E4728542B0ECBAC00A265E7 /* Products */ = {
			isa = PBXGroup;
			children = (
				8E4728532B0ECBAC00A265E7 /* DiskGroupSwitcher.app */,
				8E4728642B0ECBAE00A265E7 /* DiskGroupSwitcherTests.xctest */,
			);
			name = Products;
			sourceTree = "<group>";
		};
		8E4728552B0ECBAC00A265E7 /* DiskGroupSwitcher */ = {
			isa = PBXGroup;
			children = (
				8E73428A2B15378E0062E845 /* HTTPClient */,
				8EC3B2F32B151BAB00E73878 /* HTTPServer */,
				8E4728892B0FA0D200A265E7 /* Common */,
				8EC3B2EA2B11652600E73878 /* Setting */,
				8E4728812B0ECC3400A265E7 /* StatusBar */,
				8E4728562B0ECBAC00A265E7 /* AppDelegate.swift */,
				8E4728582B0ECBAC00A265E7 /* ViewController.swift */,
				8E47285A2B0ECBAE00A265E7 /* Assets.xcassets */,
				8E47285C2B0ECBAE00A265E7 /* Main.storyboard */,
				8E4728882B0F9D4800A265E7 /* Info.plist */,
				8E47285F2B0ECBAE00A265E7 /* DiskGroupSwitcher.entitlements */,
			);
			path = DiskGroupSwitcher;
			sourceTree = "<group>";
		};
		8E4728672B0ECBAE00A265E7 /* DiskGroupSwitcherTests */ = {
			isa = PBXGroup;
			children = (
				8E4728682B0ECBAE00A265E7 /* DiskGroupSwitcherTests.swift */,
				8E347D532B111D5300DA30F5 /* SettingsTests.swift */,
				8E5B91832B1944CC0034E877 /* HTTPServerTests.swift */,
			);
			path = DiskGroupSwitcherTests;
			sourceTree = "<group>";
		};
		8E4728812B0ECC3400A265E7 /* StatusBar */ = {
			isa = PBXGroup;
			children = (
				8E4728862B0F980600A265E7 /* MainView.swift */,
				8E4728842B0F97FA00A265E7 /* MainView.xib */,
			);
			path = StatusBar;
			sourceTree = "<group>";
		};
		8E4728892B0FA0D200A265E7 /* Common */ = {
			isa = PBXGroup;
			children = (
				8E4728822B0ECC5600A265E7 /* LoadableView.swift */,
				8E47288A2B0FA4AA00A265E7 /* StackView.swift */,
				8E347D4F2B111CE000DA30F5 /* SwiftJSON.swift */,
				8E347D512B111D2300DA30F5 /* Extensions.swift */,
				8E0D9DF22B12DFA5005ADA1F /* DictionaryTableViewController.swift */,
				8EC3B2FA2B15245800E73878 /* LocalDirectory.swift */,
				8E73428F2B1543380062E845 /* CLI.swift */,
				8E4921962B2148DE0051359F /* InputManager.swift */,
				8E4921982B214F220051359F /* IORegReader.swift */,
			);
			path = Common;
			sourceTree = "<group>";
		};
		8E55F5442B1CF57D00E811CB /* usage */ = {
			isa = PBXGroup;
			children = (
			);
			path = usage;
			sourceTree = "<group>";
		};
		8E73428A2B15378E0062E845 /* HTTPClient */ = {
			isa = PBXGroup;
			children = (
				8E73428B2B1537A20062E845 /* HTTPResponse.swift */,
				8E5B91882B1976BE0034E877 /* Alamofire+.swift */,
			);
			path = HTTPClient;
			sourceTree = "<group>";
		};
		8EC3B2EA2B11652600E73878 /* Setting */ = {
			isa = PBXGroup;
			children = (
				8E347D4D2B11108500DA30F5 /* Servers.swift */,
				8E73428D2B15391A0062E845 /* Defaults.swift */,
			);
			path = Setting;
			sourceTree = "<group>";
		};
		8EC3B2F32B151BAB00E73878 /* HTTPServer */ = {
			isa = PBXGroup;
			children = (
				8EC3B2F62B151D0F00E73878 /* HTTPServer.swift */,
				8EC3B2F82B151E5C00E73878 /* HealthCheck.swift */,
				8E5B91862B19466D0034E877 /* HTTPServerFlyingFox.swift */,
			);
			path = HTTPServer;
			sourceTree = "<group>";
		};
/* End PBXGroup section */

/* Begin PBXNativeTarget section */
		8E4728522B0ECBAC00A265E7 /* DiskGroupSwitcher */ = {
			isa = PBXNativeTarget;
			buildConfigurationList = 8E4728782B0ECBAE00A265E7 /* Build configuration list for PBXNativeTarget "DiskGroupSwitcher" */;
			buildPhases = (
				8E47284F2B0ECBAC00A265E7 /* Sources */,
				8E4728502B0ECBAC00A265E7 /* Frameworks */,
				8E4728512B0ECBAC00A265E7 /* Resources */,
			);
			buildRules = (
			);
			dependencies = (
			);
			name = DiskGroupSwitcher;
			packageProductDependencies = (
				8E2DA0C02B102F1600FC44B9 /* LoggerFactory */,
				8E7342882B1527630062E845 /* Alamofire */,
				8E5B917F2B1944880034E877 /* FlyingFox */,
				8E5B91812B1944880034E877 /* FlyingSocks */,
			);
			productName = DiskGroupSwitcher;
			productReference = 8E4728532B0ECBAC00A265E7 /* DiskGroupSwitcher.app */;
			productType = "com.apple.product-type.application";
		};
		8E4728632B0ECBAE00A265E7 /* DiskGroupSwitcherTests */ = {
			isa = PBXNativeTarget;
			buildConfigurationList = 8E47287B2B0ECBAE00A265E7 /* Build configuration list for PBXNativeTarget "DiskGroupSwitcherTests" */;
			buildPhases = (
				8E4728602B0ECBAE00A265E7 /* Sources */,
				8E4728612B0ECBAE00A265E7 /* Frameworks */,
				8E4728622B0ECBAE00A265E7 /* Resources */,
			);
			buildRules = (
			);
			dependencies = (
				8E4728662B0ECBAE00A265E7 /* PBXTargetDependency */,
			);
			name = DiskGroupSwitcherTests;
			productName = DiskGroupSwitcherTests;
			productReference = 8E4728642B0ECBAE00A265E7 /* DiskGroupSwitcherTests.xctest */;
			productType = "com.apple.product-type.bundle.unit-test";
		};
/* End PBXNativeTarget section */

/* Begin PBXProject section */
		8E47284B2B0ECBAC00A265E7 /* Project object */ = {
			isa = PBXProject;
			attributes = {
				BuildIndependentTargetsInParallel = 1;
				LastSwiftUpdateCheck = 1500;
				LastUpgradeCheck = 1500;
				TargetAttributes = {
					8E4728522B0ECBAC00A265E7 = {
						CreatedOnToolsVersion = 15.0.1;
					};
					8E4728632B0ECBAE00A265E7 = {
						CreatedOnToolsVersion = 15.0.1;
						TestTargetID = 8E4728522B0ECBAC00A265E7;
					};
				};
			};
			buildConfigurationList = 8E47284E2B0ECBAC00A265E7 /* Build configuration list for PBXProject "DiskGroupSwitcher" */;
			compatibilityVersion = "Xcode 14.0";
			developmentRegion = en;
			hasScannedForEncodings = 0;
			knownRegions = (
				en,
				Base,
			);
			mainGroup = 8E47284A2B0ECBAC00A265E7;
			packageReferences = (
				8E2DA0BF2B102F1600FC44B9 /* XCRemoteSwiftPackageReference "LoggerFactory" */,
				8E7342872B1527630062E845 /* XCRemoteSwiftPackageReference "Alamofire" */,
				8E5B917E2B1944880034E877 /* XCRemoteSwiftPackageReference "FlyingFox" */,
			);
			productRefGroup = 8E4728542B0ECBAC00A265E7 /* Products */;
			projectDirPath = "";
			projectRoot = "";
			targets = (
				8E4728522B0ECBAC00A265E7 /* DiskGroupSwitcher */,
				8E4728632B0ECBAE00A265E7 /* DiskGroupSwitcherTests */,
			);
		};
/* End PBXProject section */

/* Begin PBXResourcesBuildPhase section */
		8E4728512B0ECBAC00A265E7 /* Resources */ = {
			isa = PBXResourcesBuildPhase;
			buildActionMask = 2147483647;
			files = (
				8E4728852B0F97FB00A265E7 /* MainView.xib in Resources */,
				8E47285B2B0ECBAE00A265E7 /* Assets.xcassets in Resources */,
				8E47285E2B0ECBAE00A265E7 /* Main.storyboard in Resources */,
			);
			runOnlyForDeploymentPostprocessing = 0;
		};
		8E4728622B0ECBAE00A265E7 /* Resources */ = {
			isa = PBXResourcesBuildPhase;
			buildActionMask = 2147483647;
			files = (
			);
			runOnlyForDeploymentPostprocessing = 0;
		};
/* End PBXResourcesBuildPhase section */

/* Begin PBXSourcesBuildPhase section */
		8E47284F2B0ECBAC00A265E7 /* Sources */ = {
			isa = PBXSourcesBuildPhase;
			buildActionMask = 2147483647;
			files = (
				8EC3B2F72B151D0F00E73878 /* HTTPServer.swift in Sources */,
				8E4728832B0ECC5600A265E7 /* LoadableView.swift in Sources */,
				8E347D522B111D2300DA30F5 /* Extensions.swift in Sources */,
				8E347D502B111CE000DA30F5 /* SwiftJSON.swift in Sources */,
				8E4728872B0F980600A265E7 /* MainView.swift in Sources */,
				8EC3B2FB2B15245800E73878 /* LocalDirectory.swift in Sources */,
				8E7342902B1543380062E845 /* CLI.swift in Sources */,
				8E5B91892B1976BE0034E877 /* Alamofire+.swift in Sources */,
				8E4728592B0ECBAC00A265E7 /* ViewController.swift in Sources */,
				8E347D4E2B11108500DA30F5 /* Servers.swift in Sources */,
				8EC3B2F92B151E5C00E73878 /* HealthCheck.swift in Sources */,
				8E4921972B2148DE0051359F /* InputManager.swift in Sources */,
				8E4728572B0ECBAC00A265E7 /* AppDelegate.swift in Sources */,
				8E0D9DF32B12DFA5005ADA1F /* DictionaryTableViewController.swift in Sources */,
				8E73428E2B15391A0062E845 /* Defaults.swift in Sources */,
				8E4921992B214F220051359F /* IORegReader.swift in Sources */,
				8E73428C2B1537A20062E845 /* HTTPResponse.swift in Sources */,
				8E47288B2B0FA4AA00A265E7 /* StackView.swift in Sources */,
				8E5B91872B19466D0034E877 /* HTTPServerFlyingFox.swift in Sources */,
			);
			runOnlyForDeploymentPostprocessing = 0;
		};
		8E4728602B0ECBAE00A265E7 /* Sources */ = {
			isa = PBXSourcesBuildPhase;
			buildActionMask = 2147483647;
			files = (
				8E347D542B111D5300DA30F5 /* SettingsTests.swift in Sources */,
				8E4728692B0ECBAE00A265E7 /* DiskGroupSwitcherTests.swift in Sources */,
				8E5B91842B1944CC0034E877 /* HTTPServerTests.swift in Sources */,
			);
			runOnlyForDeploymentPostprocessing = 0;
		};
/* End PBXSourcesBuildPhase section */

/* Begin PBXTargetDependency section */
		8E4728662B0ECBAE00A265E7 /* PBXTargetDependency */ = {
			isa = PBXTargetDependency;
			target = 8E4728522B0ECBAC00A265E7 /* DiskGroupSwitcher */;
			targetProxy = 8E4728652B0ECBAE00A265E7 /* PBXContainerItemProxy */;
		};
/* End PBXTargetDependency section */

/* Begin PBXVariantGroup section */
		8E47285C2B0ECBAE00A265E7 /* Main.storyboard */ = {
			isa = PBXVariantGroup;
			children = (
				8E47285D2B0ECBAE00A265E7 /* Base */,
			);
			name = Main.storyboard;
			sourceTree = "<group>";
		};
/* End PBXVariantGroup section */

/* Begin XCBuildConfiguration section */
		8E4728762B0ECBAE00A265E7 /* Debug */ = {
			isa = XCBuildConfiguration;
			buildSettings = {
				ALWAYS_SEARCH_USER_PATHS = NO;
				ASSETCATALOG_COMPILER_GENERATE_SWIFT_ASSET_SYMBOL_EXTENSIONS = YES;
				CLANG_ANALYZER_NONNULL = YES;
				CLANG_ANALYZER_NUMBER_OBJECT_CONVERSION = YES_AGGRESSIVE;
				CLANG_CXX_LANGUAGE_STANDARD = "gnu++20";
				CLANG_ENABLE_MODULES = YES;
				CLANG_ENABLE_OBJC_ARC = YES;
				CLANG_ENABLE_OBJC_WEAK = YES;
				CLANG_WARN_BLOCK_CAPTURE_AUTORELEASING = YES;
				CLANG_WARN_BOOL_CONVERSION = YES;
				CLANG_WARN_COMMA = YES;
				CLANG_WARN_CONSTANT_CONVERSION = YES;
				CLANG_WARN_DEPRECATED_OBJC_IMPLEMENTATIONS = YES;
				CLANG_WARN_DIRECT_OBJC_ISA_USAGE = YES_ERROR;
				CLANG_WARN_DOCUMENTATION_COMMENTS = YES;
				CLANG_WARN_EMPTY_BODY = YES;
				CLANG_WARN_ENUM_CONVERSION = YES;
				CLANG_WARN_INFINITE_RECURSION = YES;
				CLANG_WARN_INT_CONVERSION = YES;
				CLANG_WARN_NON_LITERAL_NULL_CONVERSION = YES;
				CLANG_WARN_OBJC_IMPLICIT_RETAIN_SELF = YES;
				CLANG_WARN_OBJC_LITERAL_CONVERSION = YES;
				CLANG_WARN_OBJC_ROOT_CLASS = YES_ERROR;
				CLANG_WARN_QUOTED_INCLUDE_IN_FRAMEWORK_HEADER = YES;
				CLANG_WARN_RANGE_LOOP_ANALYSIS = YES;
				CLANG_WARN_STRICT_PROTOTYPES = YES;
				CLANG_WARN_SUSPICIOUS_MOVE = YES;
				CLANG_WARN_UNGUARDED_AVAILABILITY = YES_AGGRESSIVE;
				CLANG_WARN_UNREACHABLE_CODE = YES;
				CLANG_WARN__DUPLICATE_METHOD_MATCH = YES;
				COPY_PHASE_STRIP = NO;
				DEBUG_INFORMATION_FORMAT = dwarf;
				ENABLE_STRICT_OBJC_MSGSEND = YES;
				ENABLE_TESTABILITY = YES;
				ENABLE_USER_SCRIPT_SANDBOXING = YES;
				GCC_C_LANGUAGE_STANDARD = gnu17;
				GCC_DYNAMIC_NO_PIC = NO;
				GCC_NO_COMMON_BLOCKS = YES;
				GCC_OPTIMIZATION_LEVEL = 0;
				GCC_PREPROCESSOR_DEFINITIONS = (
					"DEBUG=1",
					"$(inherited)",
				);
				GCC_WARN_64_TO_32_BIT_CONVERSION = YES;
				GCC_WARN_ABOUT_RETURN_TYPE = YES_ERROR;
				GCC_WARN_UNDECLARED_SELECTOR = YES;
				GCC_WARN_UNINITIALIZED_AUTOS = YES_AGGRESSIVE;
				GCC_WARN_UNUSED_FUNCTION = YES;
				GCC_WARN_UNUSED_VARIABLE = YES;
				LOCALIZATION_PREFERS_STRING_CATALOGS = YES;
				MACOSX_DEPLOYMENT_TARGET = 12.0;
				MTL_ENABLE_DEBUG_INFO = INCLUDE_SOURCE;
				MTL_FAST_MATH = YES;
				ONLY_ACTIVE_ARCH = YES;
				SDKROOT = macosx;
				SWIFT_ACTIVE_COMPILATION_CONDITIONS = "DEBUG $(inherited)";
				SWIFT_OPTIMIZATION_LEVEL = "-Onone";
				SWIFT_VERSION = 5.0;
			};
			name = Debug;
		};
		8E4728772B0ECBAE00A265E7 /* Release */ = {
			isa = XCBuildConfiguration;
			buildSettings = {
				ALWAYS_SEARCH_USER_PATHS = NO;
				ASSETCATALOG_COMPILER_GENERATE_SWIFT_ASSET_SYMBOL_EXTENSIONS = YES;
				CLANG_ANALYZER_NONNULL = YES;
				CLANG_ANALYZER_NUMBER_OBJECT_CONVERSION = YES_AGGRESSIVE;
				CLANG_CXX_LANGUAGE_STANDARD = "gnu++20";
				CLANG_ENABLE_MODULES = YES;
				CLANG_ENABLE_OBJC_ARC = YES;
				CLANG_ENABLE_OBJC_WEAK = YES;
				CLANG_WARN_BLOCK_CAPTURE_AUTORELEASING = YES;
				CLANG_WARN_BOOL_CONVERSION = YES;
				CLANG_WARN_COMMA = YES;
				CLANG_WARN_CONSTANT_CONVERSION = YES;
				CLANG_WARN_DEPRECATED_OBJC_IMPLEMENTATIONS = YES;
				CLANG_WARN_DIRECT_OBJC_ISA_USAGE = YES_ERROR;
				CLANG_WARN_DOCUMENTATION_COMMENTS = YES;
				CLANG_WARN_EMPTY_BODY = YES;
				CLANG_WARN_ENUM_CONVERSION = YES;
				CLANG_WARN_INFINITE_RECURSION = YES;
				CLANG_WARN_INT_CONVERSION = YES;
				CLANG_WARN_NON_LITERAL_NULL_CONVERSION = YES;
				CLANG_WARN_OBJC_IMPLICIT_RETAIN_SELF = YES;
				CLANG_WARN_OBJC_LITERAL_CONVERSION = YES;
				CLANG_WARN_OBJC_ROOT_CLASS = YES_ERROR;
				CLANG_WARN_QUOTED_INCLUDE_IN_FRAMEWORK_HEADER = YES;
				CLANG_WARN_RANGE_LOOP_ANALYSIS = YES;
				CLANG_WARN_STRICT_PROTOTYPES = YES;
				CLANG_WARN_SUSPICIOUS_MOVE = YES;
				CLANG_WARN_UNGUARDED_AVAILABILITY = YES_AGGRESSIVE;
				CLANG_WARN_UNREACHABLE_CODE = YES;
				CLANG_WARN__DUPLICATE_METHOD_MATCH = YES;
				COPY_PHASE_STRIP = NO;
				DEBUG_INFORMATION_FORMAT = "dwarf-with-dsym";
				ENABLE_NS_ASSERTIONS = NO;
				ENABLE_STRICT_OBJC_MSGSEND = YES;
				ENABLE_USER_SCRIPT_SANDBOXING = YES;
				GCC_C_LANGUAGE_STANDARD = gnu17;
				GCC_NO_COMMON_BLOCKS = YES;
				GCC_WARN_64_TO_32_BIT_CONVERSION = YES;
				GCC_WARN_ABOUT_RETURN_TYPE = YES_ERROR;
				GCC_WARN_UNDECLARED_SELECTOR = YES;
				GCC_WARN_UNINITIALIZED_AUTOS = YES_AGGRESSIVE;
				GCC_WARN_UNUSED_FUNCTION = YES;
				GCC_WARN_UNUSED_VARIABLE = YES;
				LOCALIZATION_PREFERS_STRING_CATALOGS = YES;
				MACOSX_DEPLOYMENT_TARGET = 12.0;
				MTL_ENABLE_DEBUG_INFO = NO;
				MTL_FAST_MATH = YES;
				SDKROOT = macosx;
				SWIFT_COMPILATION_MODE = wholemodule;
				SWIFT_VERSION = 5.0;
			};
			name = Release;
		};
		8E4728792B0ECBAE00A265E7 /* Debug */ = {
			isa = XCBuildConfiguration;
			buildSettings = {
				ASSETCATALOG_COMPILER_APPICON_NAME = AppIcon;
				ASSETCATALOG_COMPILER_GLOBAL_ACCENT_COLOR_NAME = AccentColor;
				CODE_SIGN_ENTITLEMENTS = DiskGroupSwitcher/DiskGroupSwitcher.entitlements;
				CODE_SIGN_STYLE = Automatic;
				COMBINE_HIDPI_IMAGES = YES;
				CURRENT_PROJECT_VERSION = "20231209T1554";
				DEVELOPMENT_TEAM = ZU637G36U2;
				ENABLE_HARDENED_RUNTIME = YES;
				GENERATE_INFOPLIST_FILE = YES;
				INFOPLIST_FILE = DiskGroupSwitcher/Info.plist;
				INFOPLIST_KEY_LSUIElement = YES;
				INFOPLIST_KEY_NSHumanReadableCopyright = "";
				INFOPLIST_KEY_NSMainStoryboardFile = Main;
				INFOPLIST_KEY_NSPrincipalClass = NSApplication;
				LD_RUNPATH_SEARCH_PATHS = (
					"$(inherited)",
					"@executable_path/../Frameworks",
				);
				MACOSX_DEPLOYMENT_TARGET = 10.15;
				MARKETING_VERSION = 1.0.0;
				PRODUCT_BUNDLE_IDENTIFIER = nonamecat.DiskGroupSwitcher;
				PRODUCT_NAME = "$(TARGET_NAME)";
				SWIFT_EMIT_LOC_STRINGS = YES;
				SWIFT_VERSION = 5.0;
			};
			name = Debug;
		};
		8E47287A2B0ECBAE00A265E7 /* Release */ = {
			isa = XCBuildConfiguration;
			buildSettings = {
				ASSETCATALOG_COMPILER_APPICON_NAME = AppIcon;
				ASSETCATALOG_COMPILER_GLOBAL_ACCENT_COLOR_NAME = AccentColor;
				CODE_SIGN_ENTITLEMENTS = DiskGroupSwitcher/DiskGroupSwitcher.entitlements;
				CODE_SIGN_STYLE = Automatic;
				COMBINE_HIDPI_IMAGES = YES;
				CURRENT_PROJECT_VERSION = "20231209T1554";
				DEVELOPMENT_TEAM = ZU637G36U2;
				ENABLE_HARDENED_RUNTIME = YES;
				GENERATE_INFOPLIST_FILE = YES;
				INFOPLIST_FILE = DiskGroupSwitcher/Info.plist;
				INFOPLIST_KEY_LSUIElement = YES;
				INFOPLIST_KEY_NSHumanReadableCopyright = "";
				INFOPLIST_KEY_NSMainStoryboardFile = Main;
				INFOPLIST_KEY_NSPrincipalClass = NSApplication;
				LD_RUNPATH_SEARCH_PATHS = (
					"$(inherited)",
					"@executable_path/../Frameworks",
				);
				MACOSX_DEPLOYMENT_TARGET = 10.15;
				MARKETING_VERSION = 1.0.0;
				PRODUCT_BUNDLE_IDENTIFIER = nonamecat.DiskGroupSwitcher;
				PRODUCT_NAME = "$(TARGET_NAME)";
				SWIFT_EMIT_LOC_STRINGS = YES;
				SWIFT_VERSION = 5.0;
			};
			name = Release;
		};
		8E47287C2B0ECBAE00A265E7 /* Debug */ = {
			isa = XCBuildConfiguration;
			buildSettings = {
				ALWAYS_EMBED_SWIFT_STANDARD_LIBRARIES = YES;
				BUNDLE_LOADER = "$(TEST_HOST)";
				CODE_SIGN_STYLE = Automatic;
				CURRENT_PROJECT_VERSION = "20231209T1554";
				DEVELOPMENT_TEAM = ZU637G36U2;
				GENERATE_INFOPLIST_FILE = YES;
				MACOSX_DEPLOYMENT_TARGET = 12.0;
				MARKETING_VERSION = 1.0.0;
				PRODUCT_BUNDLE_IDENTIFIER = nonamecat.DiskGroupSwitcherTests;
				PRODUCT_NAME = "$(TARGET_NAME)";
				SWIFT_EMIT_LOC_STRINGS = NO;
				SWIFT_VERSION = 5.0;
				TEST_HOST = "$(BUILT_PRODUCTS_DIR)/DiskGroupSwitcher.app/$(BUNDLE_EXECUTABLE_FOLDER_PATH)/DiskGroupSwitcher";
			};
			name = Debug;
		};
		8E47287D2B0ECBAE00A265E7 /* Release */ = {
			isa = XCBuildConfiguration;
			buildSettings = {
				ALWAYS_EMBED_SWIFT_STANDARD_LIBRARIES = YES;
				BUNDLE_LOADER = "$(TEST_HOST)";
				CODE_SIGN_STYLE = Automatic;
				CURRENT_PROJECT_VERSION = "20231209T1554";
				DEVELOPMENT_TEAM = ZU637G36U2;
				GENERATE_INFOPLIST_FILE = YES;
				MACOSX_DEPLOYMENT_TARGET = 12.0;
				MARKETING_VERSION = 1.0.0;
				PRODUCT_BUNDLE_IDENTIFIER = nonamecat.DiskGroupSwitcherTests;
				PRODUCT_NAME = "$(TARGET_NAME)";
				SWIFT_EMIT_LOC_STRINGS = NO;
				SWIFT_VERSION = 5.0;
				TEST_HOST = "$(BUILT_PRODUCTS_DIR)/DiskGroupSwitcher.app/$(BUNDLE_EXECUTABLE_FOLDER_PATH)/DiskGroupSwitcher";
			};
			name = Release;
		};
/* End XCBuildConfiguration section */

/* Begin XCConfigurationList section */
		8E47284E2B0ECBAC00A265E7 /* Build configuration list for PBXProject "DiskGroupSwitcher" */ = {
			isa = XCConfigurationList;
			buildConfigurations = (
				8E4728762B0ECBAE00A265E7 /* Debug */,
				8E4728772B0ECBAE00A265E7 /* Release */,
			);
			defaultConfigurationIsVisible = 0;
			defaultConfigurationName = Release;
		};
		8E4728782B0ECBAE00A265E7 /* Build configuration list for PBXNativeTarget "DiskGroupSwitcher" */ = {
			isa = XCConfigurationList;
			buildConfigurations = (
				8E4728792B0ECBAE00A265E7 /* Debug */,
				8E47287A2B0ECBAE00A265E7 /* Release */,
			);
			defaultConfigurationIsVisible = 0;
			defaultConfigurationName = Release;
		};
		8E47287B2B0ECBAE00A265E7 /* Build configuration list for PBXNativeTarget "DiskGroupSwitcherTests" */ = {
			isa = XCConfigurationList;
			buildConfigurations = (
				8E47287C2B0ECBAE00A265E7 /* Debug */,
				8E47287D2B0ECBAE00A265E7 /* Release */,
			);
			defaultConfigurationIsVisible = 0;
			defaultConfigurationName = Release;
		};
/* End XCConfigurationList section */

/* Begin XCRemoteSwiftPackageReference section */
		8E2DA0BF2B102F1600FC44B9 /* XCRemoteSwiftPackageReference "LoggerFactory" */ = {
			isa = XCRemoteSwiftPackageReference;
			repositoryURL = "https://github.com/kelvinjjwong/LoggerFactory.git";
			requirement = {
				kind = upToNextMajorVersion;
				minimumVersion = 1.1.1;
			};
		};
		8E5B917E2B1944880034E877 /* XCRemoteSwiftPackageReference "FlyingFox" */ = {
			isa = XCRemoteSwiftPackageReference;
			repositoryURL = "https://github.com/swhitty/FlyingFox.git";
			requirement = {
				kind = upToNextMajorVersion;
				minimumVersion = 0.13.0;
			};
		};
		8E7342872B1527630062E845 /* XCRemoteSwiftPackageReference "Alamofire" */ = {
			isa = XCRemoteSwiftPackageReference;
			repositoryURL = "https://github.com/Alamofire/Alamofire.git";
			requirement = {
				kind = upToNextMajorVersion;
				minimumVersion = 5.8.1;
			};
		};
/* End XCRemoteSwiftPackageReference section */

/* Begin XCSwiftPackageProductDependency section */
		8E2DA0C02B102F1600FC44B9 /* LoggerFactory */ = {
			isa = XCSwiftPackageProductDependency;
			package = 8E2DA0BF2B102F1600FC44B9 /* XCRemoteSwiftPackageReference "LoggerFactory" */;
			productName = LoggerFactory;
		};
		8E5B917F2B1944880034E877 /* FlyingFox */ = {
			isa = XCSwiftPackageProductDependency;
			package = 8E5B917E2B1944880034E877 /* XCRemoteSwiftPackageReference "FlyingFox" */;
			productName = FlyingFox;
		};
		8E5B91812B1944880034E877 /* FlyingSocks */ = {
			isa = XCSwiftPackageProductDependency;
			package = 8E5B917E2B1944880034E877 /* XCRemoteSwiftPackageReference "FlyingFox" */;
			productName = FlyingSocks;
		};
		8E7342882B1527630062E845 /* Alamofire */ = {
			isa = XCSwiftPackageProductDependency;
			package = 8E7342872B1527630062E845 /* XCRemoteSwiftPackageReference "Alamofire" */;
			productName = Alamofire;
		};
/* End XCSwiftPackageProductDependency section */
	};
	rootObject = 8E47284B2B0ECBAC00A265E7 /* Project object */;
}
