// !$*UTF8*$!
{
	archiveVersion = 1;
	classes = {
	};
	objectVersion = 56;
	objects = {

/* Begin PBXBuildFile section */
		8E4728572B0ECBAC00A265E7 /* AppDelegate.swift in Sources */ = {isa = PBXBuildFile; fileRef = 8E4728562B0ECBAC00A265E7 /* AppDelegate.swift */; };
		8E4728592B0ECBAC00A265E7 /* ViewController.swift in Sources */ = {isa = PBXBuildFile; fileRef = 8E4728582B0ECBAC00A265E7 /* ViewController.swift */; };
		8E47285B2B0ECBAE00A265E7 /* Assets.xcassets in Resources */ = {isa = PBXBuildFile; fileRef = 8E47285A2B0ECBAE00A265E7 /* Assets.xcassets */; };
		8E47285E2B0ECBAE00A265E7 /* Main.storyboard in Resources */ = {isa = PBXBuildFile; fileRef = 8E47285C2B0ECBAE00A265E7 /* Main.storyboard */; };
		8E4728692B0ECBAE00A265E7 /* DiskGroupSwitcherTests.swift in Sources */ = {isa = PBXBuildFile; fileRef = 8E4728682B0ECBAE00A265E7 /* DiskGroupSwitcherTests.swift */; };
		8E4728732B0ECBAE00A265E7 /* DiskGroupSwitcherUITests.swift in Sources */ = {isa = PBXBuildFile; fileRef = 8E4728722B0ECBAE00A265E7 /* DiskGroupSwitcherUITests.swift */; };
		8E4728752B0ECBAE00A265E7 /* DiskGroupSwitcherUITestsLaunchTests.swift in Sources */ = {isa = PBXBuildFile; fileRef = 8E4728742B0ECBAE00A265E7 /* DiskGroupSwitcherUITestsLaunchTests.swift */; };
/* End PBXBuildFile section */

/* Begin PBXContainerItemProxy section */
		8E4728652B0ECBAE00A265E7 /* PBXContainerItemProxy */ = {
			isa = PBXContainerItemProxy;
			containerPortal = 8E47284B2B0ECBAC00A265E7 /* Project object */;
			proxyType = 1;
			remoteGlobalIDString = 8E4728522B0ECBAC00A265E7;
			remoteInfo = DiskGroupSwitcher;
		};
		8E47286F2B0ECBAE00A265E7 /* PBXContainerItemProxy */ = {
			isa = PBXContainerItemProxy;
			containerPortal = 8E47284B2B0ECBAC00A265E7 /* Project object */;
			proxyType = 1;
			remoteGlobalIDString = 8E4728522B0ECBAC00A265E7;
			remoteInfo = DiskGroupSwitcher;
		};
/* End PBXContainerItemProxy section */

/* Begin PBXFileReference section */
		8E4728532B0ECBAC00A265E7 /* DiskGroupSwitcher.app */ = {isa = PBXFileReference; explicitFileType = wrapper.application; includeInIndex = 0; path = DiskGroupSwitcher.app; sourceTree = BUILT_PRODUCTS_DIR; };
		8E4728562B0ECBAC00A265E7 /* AppDelegate.swift */ = {isa = PBXFileReference; lastKnownFileType = sourcecode.swift; path = AppDelegate.swift; sourceTree = "<group>"; };
		8E4728582B0ECBAC00A265E7 /* ViewController.swift */ = {isa = PBXFileReference; lastKnownFileType = sourcecode.swift; path = ViewController.swift; sourceTree = "<group>"; };
		8E47285A2B0ECBAE00A265E7 /* Assets.xcassets */ = {isa = PBXFileReference; lastKnownFileType = folder.assetcatalog; path = Assets.xcassets; sourceTree = "<group>"; };
		8E47285D2B0ECBAE00A265E7 /* Base */ = {isa = PBXFileReference; lastKnownFileType = file.storyboard; name = Base; path = Base.lproj/Main.storyboard; sourceTree = "<group>"; };
		8E47285F2B0ECBAE00A265E7 /* DiskGroupSwitcher.entitlements */ = {isa = PBXFileReference; lastKnownFileType = text.plist.entitlements; path = DiskGroupSwitcher.entitlements; sourceTree = "<group>"; };
		8E4728642B0ECBAE00A265E7 /* DiskGroupSwitcherTests.xctest */ = {isa = PBXFileReference; explicitFileType = wrapper.cfbundle; includeInIndex = 0; path = DiskGroupSwitcherTests.xctest; sourceTree = BUILT_PRODUCTS_DIR; };
		8E4728682B0ECBAE00A265E7 /* DiskGroupSwitcherTests.swift */ = {isa = PBXFileReference; lastKnownFileType = sourcecode.swift; path = DiskGroupSwitcherTests.swift; sourceTree = "<group>"; };
		8E47286E2B0ECBAE00A265E7 /* DiskGroupSwitcherUITests.xctest */ = {isa = PBXFileReference; explicitFileType = wrapper.cfbundle; includeInIndex = 0; path = DiskGroupSwitcherUITests.xctest; sourceTree = BUILT_PRODUCTS_DIR; };
		8E4728722B0ECBAE00A265E7 /* DiskGroupSwitcherUITests.swift */ = {isa = PBXFileReference; lastKnownFileType = sourcecode.swift; path = DiskGroupSwitcherUITests.swift; sourceTree = "<group>"; };
		8E4728742B0ECBAE00A265E7 /* DiskGroupSwitcherUITestsLaunchTests.swift */ = {isa = PBXFileReference; lastKnownFileType = sourcecode.swift; path = DiskGroupSwitcherUITestsLaunchTests.swift; sourceTree = "<group>"; };
/* End PBXFileReference section */

/* Begin PBXFrameworksBuildPhase section */
		8E4728502B0ECBAC00A265E7 /* Frameworks */ = {
			isa = PBXFrameworksBuildPhase;
			buildActionMask = 2147483647;
			files = (
			);
			runOnlyForDeploymentPostprocessing = 0;
		};
		8E4728612B0ECBAE00A265E7 /* Frameworks */ = {
			isa = PBXFrameworksBuildPhase;
			buildActionMask = 2147483647;
			files = (
			);
			runOnlyForDeploymentPostprocessing = 0;
		};
		8E47286B2B0ECBAE00A265E7 /* Frameworks */ = {
			isa = PBXFrameworksBuildPhase;
			buildActionMask = 2147483647;
			files = (
			);
			runOnlyForDeploymentPostprocessing = 0;
		};
/* End PBXFrameworksBuildPhase section */

/* Begin PBXGroup section */
		8E47284A2B0ECBAC00A265E7 = {
			isa = PBXGroup;
			children = (
				8E4728552B0ECBAC00A265E7 /* DiskGroupSwitcher */,
				8E4728672B0ECBAE00A265E7 /* DiskGroupSwitcherTests */,
				8E4728712B0ECBAE00A265E7 /* DiskGroupSwitcherUITests */,
				8E4728542B0ECBAC00A265E7 /* Products */,
			);
			sourceTree = "<group>";
		};
		8E4728542B0ECBAC00A265E7 /* Products */ = {
			isa = PBXGroup;
			children = (
				8E4728532B0ECBAC00A265E7 /* DiskGroupSwitcher.app */,
				8E4728642B0ECBAE00A265E7 /* DiskGroupSwitcherTests.xctest */,
				8E47286E2B0ECBAE00A265E7 /* DiskGroupSwitcherUITests.xctest */,
			);
			name = Products;
			sourceTree = "<group>";
		};
		8E4728552B0ECBAC00A265E7 /* DiskGroupSwitcher */ = {
			isa = PBXGroup;
			children = (
				8E4728562B0ECBAC00A265E7 /* AppDelegate.swift */,
				8E4728582B0ECBAC00A265E7 /* ViewController.swift */,
				8E47285A2B0ECBAE00A265E7 /* Assets.xcassets */,
				8E47285C2B0ECBAE00A265E7 /* Main.storyboard */,
				8E47285F2B0ECBAE00A265E7 /* DiskGroupSwitcher.entitlements */,
			);
			path = DiskGroupSwitcher;
			sourceTree = "<group>";
		};
		8E4728672B0ECBAE00A265E7 /* DiskGroupSwitcherTests */ = {
			isa = PBXGroup;
			children = (
				8E4728682B0ECBAE00A265E7 /* DiskGroupSwitcherTests.swift */,
			);
			path = DiskGroupSwitcherTests;
			sourceTree = "<group>";
		};
		8E4728712B0ECBAE00A265E7 /* DiskGroupSwitcherUITests */ = {
			isa = PBXGroup;
			children = (
				8E4728722B0ECBAE00A265E7 /* DiskGroupSwitcherUITests.swift */,
				8E4728742B0ECBAE00A265E7 /* DiskGroupSwitcherUITestsLaunchTests.swift */,
			);
			path = DiskGroupSwitcherUITests;
			sourceTree = "<group>";
		};
/* End PBXGroup section */

/* Begin PBXNativeTarget section */
		8E4728522B0ECBAC00A265E7 /* DiskGroupSwitcher */ = {
			isa = PBXNativeTarget;
			buildConfigurationList = 8E4728782B0ECBAE00A265E7 /* Build configuration list for PBXNativeTarget "DiskGroupSwitcher" */;
			buildPhases = (
				8E47284F2B0ECBAC00A265E7 /* Sources */,
				8E4728502B0ECBAC00A265E7 /* Frameworks */,
				8E4728512B0ECBAC00A265E7 /* Resources */,
			);
			buildRules = (
			);
			dependencies = (
			);
			name = DiskGroupSwitcher;
			productName = DiskGroupSwitcher;
			productReference = 8E4728532B0ECBAC00A265E7 /* DiskGroupSwitcher.app */;
			productType = "com.apple.product-type.application";
		};
		8E4728632B0ECBAE00A265E7 /* DiskGroupSwitcherTests */ = {
			isa = PBXNativeTarget;
			buildConfigurationList = 8E47287B2B0ECBAE00A265E7 /* Build configuration list for PBXNativeTarget "DiskGroupSwitcherTests" */;
			buildPhases = (
				8E4728602B0ECBAE00A265E7 /* Sources */,
				8E4728612B0ECBAE00A265E7 /* Frameworks */,
				8E4728622B0ECBAE00A265E7 /* Resources */,
			);
			buildRules = (
			);
			dependencies = (
				8E4728662B0ECBAE00A265E7 /* PBXTargetDependency */,
			);
			name = DiskGroupSwitcherTests;
			productName = DiskGroupSwitcherTests;
			productReference = 8E4728642B0ECBAE00A265E7 /* DiskGroupSwitcherTests.xctest */;
			productType = "com.apple.product-type.bundle.unit-test";
		};
		8E47286D2B0ECBAE00A265E7 /* DiskGroupSwitcherUITests */ = {
			isa = PBXNativeTarget;
			buildConfigurationList = 8E47287E2B0ECBAE00A265E7 /* Build configuration list for PBXNativeTarget "DiskGroupSwitcherUITests" */;
			buildPhases = (
				8E47286A2B0ECBAE00A265E7 /* Sources */,
				8E47286B2B0ECBAE00A265E7 /* Frameworks */,
				8E47286C2B0ECBAE00A265E7 /* Resources */,
			);
			buildRules = (
			);
			dependencies = (
				8E4728702B0ECBAE00A265E7 /* PBXTargetDependency */,
			);
			name = DiskGroupSwitcherUITests;
			productName = DiskGroupSwitcherUITests;
			productReference = 8E47286E2B0ECBAE00A265E7 /* DiskGroupSwitcherUITests.xctest */;
			productType = "com.apple.product-type.bundle.ui-testing";
		};
/* End PBXNativeTarget section */

/* Begin PBXProject section */
		8E47284B2B0ECBAC00A265E7 /* Project object */ = {
			isa = PBXProject;
			attributes = {
				BuildIndependentTargetsInParallel = 1;
				LastSwiftUpdateCheck = 1500;
				LastUpgradeCheck = 1500;
				TargetAttributes = {
					8E4728522B0ECBAC00A265E7 = {
						CreatedOnToolsVersion = 15.0.1;
					};
					8E4728632B0ECBAE00A265E7 = {
						CreatedOnToolsVersion = 15.0.1;
						TestTargetID = 8E4728522B0ECBAC00A265E7;
					};
					8E47286D2B0ECBAE00A265E7 = {
						CreatedOnToolsVersion = 15.0.1;
						TestTargetID = 8E4728522B0ECBAC00A265E7;
					};
				};
			};
			buildConfigurationList = 8E47284E2B0ECBAC00A265E7 /* Build configuration list for PBXProject "DiskGroupSwitcher" */;
			compatibilityVersion = "Xcode 14.0";
			developmentRegion = en;
			hasScannedForEncodings = 0;
			knownRegions = (
				en,
				Base,
			);
			mainGroup = 8E47284A2B0ECBAC00A265E7;
			productRefGroup = 8E4728542B0ECBAC00A265E7 /* Products */;
			projectDirPath = "";
			projectRoot = "";
			targets = (
				8E4728522B0ECBAC00A265E7 /* DiskGroupSwitcher */,
				8E4728632B0ECBAE00A265E7 /* DiskGroupSwitcherTests */,
				8E47286D2B0ECBAE00A265E7 /* DiskGroupSwitcherUITests */,
			);
		};
/* End PBXProject section */

/* Begin PBXResourcesBuildPhase section */
		8E4728512B0ECBAC00A265E7 /* Resources */ = {
			isa = PBXResourcesBuildPhase;
			buildActionMask = 2147483647;
			files = (
				8E47285B2B0ECBAE00A265E7 /* Assets.xcassets in Resources */,
				8E47285E2B0ECBAE00A265E7 /* Main.storyboard in Resources */,
			);
			runOnlyForDeploymentPostprocessing = 0;
		};
		8E4728622B0ECBAE00A265E7 /* Resources */ = {
			isa = PBXResourcesBuildPhase;
			buildActionMask = 2147483647;
			files = (
			);
			runOnlyForDeploymentPostprocessing = 0;
		};
		8E47286C2B0ECBAE00A265E7 /* Resources */ = {
			isa = PBXResourcesBuildPhase;
			buildActionMask = 2147483647;
			files = (
			);
			runOnlyForDeploymentPostprocessing = 0;
		};
/* End PBXResourcesBuildPhase section */

/* Begin PBXSourcesBuildPhase section */
		8E47284F2B0ECBAC00A265E7 /* Sources */ = {
			isa = PBXSourcesBuildPhase;
			buildActionMask = 2147483647;
			files = (
				8E4728592B0ECBAC00A265E7 /* ViewController.swift in Sources */,
				8E4728572B0ECBAC00A265E7 /* AppDelegate.swift in Sources */,
			);
			runOnlyForDeploymentPostprocessing = 0;
		};
		8E4728602B0ECBAE00A265E7 /* Sources */ = {
			isa = PBXSourcesBuildPhase;
			buildActionMask = 2147483647;
			files = (
				8E4728692B0ECBAE00A265E7 /* DiskGroupSwitcherTests.swift in Sources */,
			);
			runOnlyForDeploymentPostprocessing = 0;
		};
		8E47286A2B0ECBAE00A265E7 /* Sources */ = {
			isa = PBXSourcesBuildPhase;
			buildActionMask = 2147483647;
			files = (
				8E4728752B0ECBAE00A265E7 /* DiskGroupSwitcherUITestsLaunchTests.swift in Sources */,
				8E4728732B0ECBAE00A265E7 /* DiskGroupSwitcherUITests.swift in Sources */,
			);
			runOnlyForDeploymentPostprocessing = 0;
		};
/* End PBXSourcesBuildPhase section */

/* Begin PBXTargetDependency section */
		8E4728662B0ECBAE00A265E7 /* PBXTargetDependency */ = {
			isa = PBXTargetDependency;
			target = 8E4728522B0ECBAC00A265E7 /* DiskGroupSwitcher */;
			targetProxy = 8E4728652B0ECBAE00A265E7 /* PBXContainerItemProxy */;
		};
		8E4728702B0ECBAE00A265E7 /* PBXTargetDependency */ = {
			isa = PBXTargetDependency;
			target = 8E4728522B0ECBAC00A265E7 /* DiskGroupSwitcher */;
			targetProxy = 8E47286F2B0ECBAE00A265E7 /* PBXContainerItemProxy */;
		};
/* End PBXTargetDependency section */

/* Begin PBXVariantGroup section */
		8E47285C2B0ECBAE00A265E7 /* Main.storyboard */ = {
			isa = PBXVariantGroup;
			children = (
				8E47285D2B0ECBAE00A265E7 /* Base */,
			);
			name = Main.storyboard;
			sourceTree = "<group>";
		};
/* End PBXVariantGroup section */

/* Begin XCBuildConfiguration section */
		8E4728762B0ECBAE00A265E7 /* Debug */ = {
			isa = XCBuildConfiguration;
			buildSettings = {
				ALWAYS_SEARCH_USER_PATHS = NO;
				ASSETCATALOG_COMPILER_GENERATE_SWIFT_ASSET_SYMBOL_EXTENSIONS = YES;
				CLANG_ANALYZER_NONNULL = YES;
				CLANG_ANALYZER_NUMBER_OBJECT_CONVERSION = YES_AGGRESSIVE;
				CLANG_CXX_LANGUAGE_STANDARD = "gnu++20";
				CLANG_ENABLE_MODULES = YES;
				CLANG_ENABLE_OBJC_ARC = YES;
				CLANG_ENABLE_OBJC_WEAK = YES;
				CLANG_WARN_BLOCK_CAPTURE_AUTORELEASING = YES;
				CLANG_WARN_BOOL_CONVERSION = YES;
				CLANG_WARN_COMMA = YES;
				CLANG_WARN_CONSTANT_CONVERSION = YES;
				CLANG_WARN_DEPRECATED_OBJC_IMPLEMENTATIONS = YES;
				CLANG_WARN_DIRECT_OBJC_ISA_USAGE = YES_ERROR;
				CLANG_WARN_DOCUMENTATION_COMMENTS = YES;
				CLANG_WARN_EMPTY_BODY = YES;
				CLANG_WARN_ENUM_CONVERSION = YES;
				CLANG_WARN_INFINITE_RECURSION = YES;
				CLANG_WARN_INT_CONVERSION = YES;
				CLANG_WARN_NON_LITERAL_NULL_CONVERSION = YES;
				CLANG_WARN_OBJC_IMPLICIT_RETAIN_SELF = YES;
				CLANG_WARN_OBJC_LITERAL_CONVERSION = YES;
				CLANG_WARN_OBJC_ROOT_CLASS = YES_ERROR;
				CLANG_WARN_QUOTED_INCLUDE_IN_FRAMEWORK_HEADER = YES;
				CLANG_WARN_RANGE_LOOP_ANALYSIS = YES;
				CLANG_WARN_STRICT_PROTOTYPES = YES;
				CLANG_WARN_SUSPICIOUS_MOVE = YES;
				CLANG_WARN_UNGUARDED_AVAILABILITY = YES_AGGRESSIVE;
				CLANG_WARN_UNREACHABLE_CODE = YES;
				CLANG_WARN__DUPLICATE_METHOD_MATCH = YES;
				COPY_PHASE_STRIP = NO;
				DEBUG_INFORMATION_FORMAT = dwarf;
				ENABLE_STRICT_OBJC_MSGSEND = YES;
				ENABLE_TESTABILITY = YES;
				ENABLE_USER_SCRIPT_SANDBOXING = YES;
				GCC_C_LANGUAGE_STANDARD = gnu17;
				GCC_DYNAMIC_NO_PIC = NO;
				GCC_NO_COMMON_BLOCKS = YES;
				GCC_OPTIMIZATION_LEVEL = 0;
				GCC_PREPROCESSOR_DEFINITIONS = (
					"DEBUG=1",
					"$(inherited)",
				);
				GCC_WARN_64_TO_32_BIT_CONVERSION = YES;
				GCC_WARN_ABOUT_RETURN_TYPE = YES_ERROR;
				GCC_WARN_UNDECLARED_SELECTOR = YES;
				GCC_WARN_UNINITIALIZED_AUTOS = YES_AGGRESSIVE;
				GCC_WARN_UNUSED_FUNCTION = YES;
				GCC_WARN_UNUSED_VARIABLE = YES;
				LOCALIZATION_PREFERS_STRING_CATALOGS = YES;
				MACOSX_DEPLOYMENT_TARGET = 14.0;
				MTL_ENABLE_DEBUG_INFO = INCLUDE_SOURCE;
				MTL_FAST_MATH = YES;
				ONLY_ACTIVE_ARCH = YES;
				SDKROOT = macosx;
				SWIFT_ACTIVE_COMPILATION_CONDITIONS = "DEBUG $(inherited)";
				SWIFT_OPTIMIZATION_LEVEL = "-Onone";
			};
			name = Debug;
		};
		8E4728772B0ECBAE00A265E7 /* Release */ = {
			isa = XCBuildConfiguration;
			buildSettings = {
				ALWAYS_SEARCH_USER_PATHS = NO;
				ASSETCATALOG_COMPILER_GENERATE_SWIFT_ASSET_SYMBOL_EXTENSIONS = YES;
				CLANG_ANALYZER_NONNULL = YES;
				CLANG_ANALYZER_NUMBER_OBJECT_CONVERSION = YES_AGGRESSIVE;
				CLANG_CXX_LANGUAGE_STANDARD = "gnu++20";
				CLANG_ENABLE_MODULES = YES;
				CLANG_ENABLE_OBJC_ARC = YES;
				CLANG_ENABLE_OBJC_WEAK = YES;
				CLANG_WARN_BLOCK_CAPTURE_AUTORELEASING = YES;
				CLANG_WARN_BOOL_CONVERSION = YES;
				CLANG_WARN_COMMA = YES;
				CLANG_WARN_CONSTANT_CONVERSION = YES;
				CLANG_WARN_DEPRECATED_OBJC_IMPLEMENTATIONS = YES;
				CLANG_WARN_DIRECT_OBJC_ISA_USAGE = YES_ERROR;
				CLANG_WARN_DOCUMENTATION_COMMENTS = YES;
				CLANG_WARN_EMPTY_BODY = YES;
				CLANG_WARN_ENUM_CONVERSION = YES;
				CLANG_WARN_INFINITE_RECURSION = YES;
				CLANG_WARN_INT_CONVERSION = YES;
				CLANG_WARN_NON_LITERAL_NULL_CONVERSION = YES;
				CLANG_WARN_OBJC_IMPLICIT_RETAIN_SELF = YES;
				CLANG_WARN_OBJC_LITERAL_CONVERSION = YES;
				CLANG_WARN_OBJC_ROOT_CLASS = YES_ERROR;
				CLANG_WARN_QUOTED_INCLUDE_IN_FRAMEWORK_HEADER = YES;
				CLANG_WARN_RANGE_LOOP_ANALYSIS = YES;
				CLANG_WARN_STRICT_PROTOTYPES = YES;
				CLANG_WARN_SUSPICIOUS_MOVE = YES;
				CLANG_WARN_UNGUARDED_AVAILABILITY = YES_AGGRESSIVE;
				CLANG_WARN_UNREACHABLE_CODE = YES;
				CLANG_WARN__DUPLICATE_METHOD_MATCH = YES;
				COPY_PHASE_STRIP = NO;
				DEBUG_INFORMATION_FORMAT = "dwarf-with-dsym";
				ENABLE_NS_ASSERTIONS = NO;
				ENABLE_STRICT_OBJC_MSGSEND = YES;
				ENABLE_USER_SCRIPT_SANDBOXING = YES;
				GCC_C_LANGUAGE_STANDARD = gnu17;
				GCC_NO_COMMON_BLOCKS = YES;
				GCC_WARN_64_TO_32_BIT_CONVERSION = YES;
				GCC_WARN_ABOUT_RETURN_TYPE = YES_ERROR;
				GCC_WARN_UNDECLARED_SELECTOR = YES;
				GCC_WARN_UNINITIALIZED_AUTOS = YES_AGGRESSIVE;
				GCC_WARN_UNUSED_FUNCTION = YES;
				GCC_WARN_UNUSED_VARIABLE = YES;
				LOCALIZATION_PREFERS_STRING_CATALOGS = YES;
				MACOSX_DEPLOYMENT_TARGET = 14.0;
				MTL_ENABLE_DEBUG_INFO = NO;
				MTL_FAST_MATH = YES;
				SDKROOT = macosx;
				SWIFT_COMPILATION_MODE = wholemodule;
			};
			name = Release;
		};
		8E4728792B0ECBAE00A265E7 /* Debug */ = {
			isa = XCBuildConfiguration;
			buildSettings = {
				ASSETCATALOG_COMPILER_APPICON_NAME = AppIcon;
				ASSETCATALOG_COMPILER_GLOBAL_ACCENT_COLOR_NAME = AccentColor;
				CODE_SIGN_ENTITLEMENTS = DiskGroupSwitcher/DiskGroupSwitcher.entitlements;
				CODE_SIGN_STYLE = Automatic;
				COMBINE_HIDPI_IMAGES = YES;
				CURRENT_PROJECT_VERSION = 1;
				DEVELOPMENT_TEAM = ZU637G36U2;
				ENABLE_HARDENED_RUNTIME = YES;
				GENERATE_INFOPLIST_FILE = YES;
				INFOPLIST_KEY_NSHumanReadableCopyright = "";
				INFOPLIST_KEY_NSMainStoryboardFile = Main;
				INFOPLIST_KEY_NSPrincipalClass = NSApplication;
				LD_RUNPATH_SEARCH_PATHS = (
					"$(inherited)",
					"@executable_path/../Frameworks",
				);
				MARKETING_VERSION = 1.0;
				PRODUCT_BUNDLE_IDENTIFIER = nonamecat.DiskGroupSwitcher;
				PRODUCT_NAME = "$(TARGET_NAME)";
				SWIFT_EMIT_LOC_STRINGS = YES;
				SWIFT_VERSION = 5.0;
			};
			name = Debug;
		};
		8E47287A2B0ECBAE00A265E7 /* Release */ = {
			isa = XCBuildConfiguration;
			buildSettings = {
				ASSETCATALOG_COMPILER_APPICON_NAME = AppIcon;
				ASSETCATALOG_COMPILER_GLOBAL_ACCENT_COLOR_NAME = AccentColor;
				CODE_SIGN_ENTITLEMENTS = DiskGroupSwitcher/DiskGroupSwitcher.entitlements;
				CODE_SIGN_STYLE = Automatic;
				COMBINE_HIDPI_IMAGES = YES;
				CURRENT_PROJECT_VERSION = 1;
				DEVELOPMENT_TEAM = ZU637G36U2;
				ENABLE_HARDENED_RUNTIME = YES;
				GENERATE_INFOPLIST_FILE = YES;
				INFOPLIST_KEY_NSHumanReadableCopyright = "";
				INFOPLIST_KEY_NSMainStoryboardFile = Main;
				INFOPLIST_KEY_NSPrincipalClass = NSApplication;
				LD_RUNPATH_SEARCH_PATHS = (
					"$(inherited)",
					"@executable_path/../Frameworks",
				);
				MARKETING_VERSION = 1.0;
				PRODUCT_BUNDLE_IDENTIFIER = nonamecat.DiskGroupSwitcher;
				PRODUCT_NAME = "$(TARGET_NAME)";
				SWIFT_EMIT_LOC_STRINGS = YES;
				SWIFT_VERSION = 5.0;
			};
			name = Release;
		};
		8E47287C2B0ECBAE00A265E7 /* Debug */ = {
			isa = XCBuildConfiguration;
			buildSettings = {
				ALWAYS_EMBED_SWIFT_STANDARD_LIBRARIES = YES;
				BUNDLE_LOADER = "$(TEST_HOST)";
				CODE_SIGN_STYLE = Automatic;
				CURRENT_PROJECT_VERSION = 1;
				DEVELOPMENT_TEAM = ZU637G36U2;
				GENERATE_INFOPLIST_FILE = YES;
				MACOSX_DEPLOYMENT_TARGET = 14.0;
				MARKETING_VERSION = 1.0;
				PRODUCT_BUNDLE_IDENTIFIER = nonamecat.DiskGroupSwitcherTests;
				PRODUCT_NAME = "$(TARGET_NAME)";
				SWIFT_EMIT_LOC_STRINGS = NO;
				SWIFT_VERSION = 5.0;
				TEST_HOST = "$(BUILT_PRODUCTS_DIR)/DiskGroupSwitcher.app/$(BUNDLE_EXECUTABLE_FOLDER_PATH)/DiskGroupSwitcher";
			};
			name = Debug;
		};
		8E47287D2B0ECBAE00A265E7 /* Release */ = {
			isa = XCBuildConfiguration;
			buildSettings = {
				ALWAYS_EMBED_SWIFT_STANDARD_LIBRARIES = YES;
				BUNDLE_LOADER = "$(TEST_HOST)";
				CODE_SIGN_STYLE = Automatic;
				CURRENT_PROJECT_VERSION = 1;
				DEVELOPMENT_TEAM = ZU637G36U2;
				GENERATE_INFOPLIST_FILE = YES;
				MACOSX_DEPLOYMENT_TARGET = 14.0;
				MARKETING_VERSION = 1.0;
				PRODUCT_BUNDLE_IDENTIFIER = nonamecat.DiskGroupSwitcherTests;
				PRODUCT_NAME = "$(TARGET_NAME)";
				SWIFT_EMIT_LOC_STRINGS = NO;
				SWIFT_VERSION = 5.0;
				TEST_HOST = "$(BUILT_PRODUCTS_DIR)/DiskGroupSwitcher.app/$(BUNDLE_EXECUTABLE_FOLDER_PATH)/DiskGroupSwitcher";
			};
			name = Release;
		};
		8E47287F2B0ECBAE00A265E7 /* Debug */ = {
			isa = XCBuildConfiguration;
			buildSettings = {
				ALWAYS_EMBED_SWIFT_STANDARD_LIBRARIES = YES;
				CODE_SIGN_STYLE = Automatic;
				CURRENT_PROJECT_VERSION = 1;
				DEVELOPMENT_TEAM = ZU637G36U2;
				GENERATE_INFOPLIST_FILE = YES;
				MARKETING_VERSION = 1.0;
				PRODUCT_BUNDLE_IDENTIFIER = nonamecat.DiskGroupSwitcherUITests;
				PRODUCT_NAME = "$(TARGET_NAME)";
				SWIFT_EMIT_LOC_STRINGS = NO;
				SWIFT_VERSION = 5.0;
				TEST_TARGET_NAME = DiskGroupSwitcher;
			};
			name = Debug;
		};
		8E4728802B0ECBAE00A265E7 /* Release */ = {
			isa = XCBuildConfiguration;
			buildSettings = {
				ALWAYS_EMBED_SWIFT_STANDARD_LIBRARIES = YES;
				CODE_SIGN_STYLE = Automatic;
				CURRENT_PROJECT_VERSION = 1;
				DEVELOPMENT_TEAM = ZU637G36U2;
				GENERATE_INFOPLIST_FILE = YES;
				MARKETING_VERSION = 1.0;
				PRODUCT_BUNDLE_IDENTIFIER = nonamecat.DiskGroupSwitcherUITests;
				PRODUCT_NAME = "$(TARGET_NAME)";
				SWIFT_EMIT_LOC_STRINGS = NO;
				SWIFT_VERSION = 5.0;
				TEST_TARGET_NAME = DiskGroupSwitcher;
			};
			name = Release;
		};
/* End XCBuildConfiguration section */

/* Begin XCConfigurationList section */
		8E47284E2B0ECBAC00A265E7 /* Build configuration list for PBXProject "DiskGroupSwitcher" */ = {
			isa = XCConfigurationList;
			buildConfigurations = (
				8E4728762B0ECBAE00A265E7 /* Debug */,
				8E4728772B0ECBAE00A265E7 /* Release */,
			);
			defaultConfigurationIsVisible = 0;
			defaultConfigurationName = Release;
		};
		8E4728782B0ECBAE00A265E7 /* Build configuration list for PBXNativeTarget "DiskGroupSwitcher" */ = {
			isa = XCConfigurationList;
			buildConfigurations = (
				8E4728792B0ECBAE00A265E7 /* Debug */,
				8E47287A2B0ECBAE00A265E7 /* Release */,
			);
			defaultConfigurationIsVisible = 0;
			defaultConfigurationName = Release;
		};
		8E47287B2B0ECBAE00A265E7 /* Build configuration list for PBXNativeTarget "DiskGroupSwitcherTests" */ = {
			isa = XCConfigurationList;
			buildConfigurations = (
				8E47287C2B0ECBAE00A265E7 /* Debug */,
				8E47287D2B0ECBAE00A265E7 /* Release */,
			);
			defaultConfigurationIsVisible = 0;
			defaultConfigurationName = Release;
		};
		8E47287E2B0ECBAE00A265E7 /* Build configuration list for PBXNativeTarget "DiskGroupSwitcherUITests" */ = {
			isa = XCConfigurationList;
			buildConfigurations = (
				8E47287F2B0ECBAE00A265E7 /* Debug */,
				8E4728802B0ECBAE00A265E7 /* Release */,
			);
			defaultConfigurationIsVisible = 0;
			defaultConfigurationName = Release;
		};
/* End XCConfigurationList section */
	};
	rootObject = 8E47284B2B0ECBAC00A265E7 /* Project object */;
}
